
Microsoft Visual Studio Solution File, Format Version 12.00
# Visual Studio Version 17
VisualStudioVersion = 17.11.35303.130
MinimumVisualStudioVersion = 10.0.40219.1
Project("{9A19103F-16F7-4668-BE54-9A1E7A4F7556}") = "TicketReservationSystem.Api", "TicketReservationSystem.Api\TicketReservationSystem.Api.csproj", "{44356E2E-7B81-47C0-AD0D-567B240CEBFC}"
EndProject
Project("{FAE04EC0-301F-11D3-BF4B-00C04F79EFBC}") = "TestProject1", "TestProject1\TestProject1.csproj", "{E24314BF-0B32-49EE-AAD8-DAFE835C3FCF}"
EndProject
Global
	GlobalSection(SolutionConfigurationPlatforms) = preSolution
		Debug|Any CPU = Debug|Any CPU
		Release|Any CPU = Release|Any CPU
	EndGlobalSection
	GlobalSection(ProjectConfigurationPlatforms) = postSolution
		{44356E2E-7B81-47C0-AD0D-567B240CEBFC}.Debug|Any CPU.ActiveCfg = Debug|Any CPU
		{44356E2E-7B81-47C0-AD0D-567B240CEBFC}.Debug|Any CPU.Build.0 = Debug|Any CPU
		{44356E2E-7B81-47C0-AD0D-567B240CEBFC}.Release|Any CPU.ActiveCfg = Release|Any CPU
		{44356E2E-7B81-47C0-AD0D-567B240CEBFC}.Release|Any CPU.Build.0 = Release|Any CPU
		{E24314BF-0B32-49EE-AAD8-DAFE835C3FCF}.Debug|Any CPU.ActiveCfg = Debug|Any CPU
		{E24314BF-0B32-49EE-AAD8-DAFE835C3FCF}.Debug|Any CPU.Build.0 = Debug|Any CPU
		{E24314BF-0B32-49EE-AAD8-DAFE835C3FCF}.Release|Any CPU.ActiveCfg = Release|Any CPU
		{E24314BF-0B32-49EE-AAD8-DAFE835C3FCF}.Release|Any CPU.Build.0 = Release|Any CPU
	EndGlobalSection
	GlobalSection(SolutionProperties) = preSolution
		HideSolutionNode = FALSE
	EndGlobalSection
	GlobalSection(ExtensibilityGlobals) = postSolution
		SolutionGuid = {CE565FBF-636E-4732-9974-6F78041F5B1D}
	EndGlobalSection
EndGlobal
